
Microsoft Visual Studio Solution File, Format Version 12.00
# Visual Studio Version 17
VisualStudioVersion = 17.7.34024.191
MinimumVisualStudioVersion = 10.0.40219.1
Project("{9A19103F-16F7-4668-BE54-9A1E7A4F7556}") = "PracticeMasGlobal", "PracticeMasGlobal.csproj", "{D46011B4-22EE-4192-89BA-393C93F94488}"
EndProject
Project("{FAE04EC0-301F-11D3-BF4B-00C04F79EFBC}") = "PracticeMasGLobal.Test", "..\PracticeMasGLobal.Test\PracticeMasGLobal.Test.csproj", "{5503ED00-39B1-4356-A50F-CB25FDEA00AA}"
EndProject
Global
	GlobalSection(SolutionConfigurationPlatforms) = preSolution
		Debug|Any CPU = Debug|Any CPU
		Release|Any CPU = Release|Any CPU
	EndGlobalSection
	GlobalSection(ProjectConfigurationPlatforms) = postSolution
		{D46011B4-22EE-4192-89BA-393C93F94488}.Debug|Any CPU.ActiveCfg = Debug|Any CPU
		{D46011B4-22EE-4192-89BA-393C93F94488}.Debug|Any CPU.Build.0 = Debug|Any CPU
		{D46011B4-22EE-4192-89BA-393C93F94488}.Release|Any CPU.ActiveCfg = Release|Any CPU
		{D46011B4-22EE-4192-89BA-393C93F94488}.Release|Any CPU.Build.0 = Release|Any CPU
		{5503ED00-39B1-4356-A50F-CB25FDEA00AA}.Debug|Any CPU.ActiveCfg = Debug|Any CPU
		{5503ED00-39B1-4356-A50F-CB25FDEA00AA}.Debug|Any CPU.Build.0 = Debug|Any CPU
		{5503ED00-39B1-4356-A50F-CB25FDEA00AA}.Release|Any CPU.ActiveCfg = Release|Any CPU
		{5503ED00-39B1-4356-A50F-CB25FDEA00AA}.Release|Any CPU.Build.0 = Release|Any CPU
	EndGlobalSection
	GlobalSection(SolutionProperties) = preSolution
		HideSolutionNode = FALSE
	EndGlobalSection
	GlobalSection(ExtensibilityGlobals) = postSolution
		SolutionGuid = {114FB451-C544-42EE-BC5B-D26A0E0E37A1}
	EndGlobalSection
EndGlobal
